// !$*UTF8*$!
{
	archiveVersion = 1;
	classes = {
	};
	objectVersion = 77;
	objects = {

/* Begin PBXBuildFile section */
		6618C56E2D34824A0065E8E8 /* GoogleSignIn in Frameworks */ = {isa = PBXBuildFile; productRef = 6618C56D2D34824A0065E8E8 /* GoogleSignIn */; };
		6618C5702D34824A0065E8E8 /* GoogleSignInSwift in Frameworks */ = {isa = PBXBuildFile; productRef = 6618C56F2D34824A0065E8E8 /* GoogleSignInSwift */; };
		664DDA052D41B17B0019511E /* .gitignore in Resources */ = {isa = PBXBuildFile; fileRef = 664DDA042D41B16E0019511E /* .gitignore */; };
		66CB29262D2F07FC00187EC7 /* FirebaseAnalytics in Frameworks */ = {isa = PBXBuildFile; productRef = 66CB29252D2F07FC00187EC7 /* FirebaseAnalytics */; };
		66CB29282D2F07FC00187EC7 /* FirebaseAuth in Frameworks */ = {isa = PBXBuildFile; productRef = 66CB29272D2F07FC00187EC7 /* FirebaseAuth */; };
		66CB29CA2D2F375800187EC7 /* GoogleService-Info.plist in Resources */ = {isa = PBXBuildFile; fileRef = 66CB29C92D2F375800187EC7 /* GoogleService-Info.plist */; };
/* End PBXBuildFile section */

/* Begin PBXContainerItemProxy section */
		66CB29042D2F072E00187EC7 /* PBXContainerItemProxy */ = {
			isa = PBXContainerItemProxy;
			containerPortal = 66CB28EB2D2F072D00187EC7 /* Project object */;
			proxyType = 1;
			remoteGlobalIDString = 66CB28F22D2F072D00187EC7;
			remoteInfo = FirebaseBootcamp;
		};
		66CB290E2D2F072E00187EC7 /* PBXContainerItemProxy */ = {
			isa = PBXContainerItemProxy;
			containerPortal = 66CB28EB2D2F072D00187EC7 /* Project object */;
			proxyType = 1;
			remoteGlobalIDString = 66CB28F22D2F072D00187EC7;
			remoteInfo = FirebaseBootcamp;
		};
/* End PBXContainerItemProxy section */

/* Begin PBXFileReference section */
		664DDA042D41B16E0019511E /* .gitignore */ = {isa = PBXFileReference; lastKnownFileType = text; path = .gitignore; sourceTree = "<group>"; };
		66CB28F32D2F072D00187EC7 /* FirebaseBootcamp.app */ = {isa = PBXFileReference; explicitFileType = wrapper.application; includeInIndex = 0; path = FirebaseBootcamp.app; sourceTree = BUILT_PRODUCTS_DIR; };
		66CB29032D2F072E00187EC7 /* FirebaseBootcampTests.xctest */ = {isa = PBXFileReference; explicitFileType = wrapper.cfbundle; includeInIndex = 0; path = FirebaseBootcampTests.xctest; sourceTree = BUILT_PRODUCTS_DIR; };
		66CB290D2D2F072E00187EC7 /* FirebaseBootcampUITests.xctest */ = {isa = PBXFileReference; explicitFileType = wrapper.cfbundle; includeInIndex = 0; path = FirebaseBootcampUITests.xctest; sourceTree = BUILT_PRODUCTS_DIR; };
		66CB29C92D2F375800187EC7 /* GoogleService-Info.plist */ = {isa = PBXFileReference; lastKnownFileType = text.plist.xml; path = "GoogleService-Info.plist"; sourceTree = "<group>"; };
/* End PBXFileReference section */

/* Begin PBXFileSystemSynchronizedBuildFileExceptionSet section */
		6618C5722D350EA60065E8E8 /* Exceptions for "FirebaseBootcamp" folder in "FirebaseBootcamp" target */ = {
			isa = PBXFileSystemSynchronizedBuildFileExceptionSet;
			membershipExceptions = (
				Info.plist,
			);
			target = 66CB28F22D2F072D00187EC7 /* FirebaseBootcamp */;
		};
/* End PBXFileSystemSynchronizedBuildFileExceptionSet section */

/* Begin PBXFileSystemSynchronizedRootGroup section */
		6618C5802D36559E0065E8E8 /* Helper */ = {
			isa = PBXFileSystemSynchronizedRootGroup;
			path = Helper;
			sourceTree = "<group>";
		};
		664DD9F82D41AD0A0019511E /* Settings */ = {
			isa = PBXFileSystemSynchronizedRootGroup;
			path = Settings;
			sourceTree = "<group>";
		};
		664DDA012D41AD300019511E /* Extensions */ = {
			isa = PBXFileSystemSynchronizedRootGroup;
			path = Extensions;
			sourceTree = "<group>";
		};
		66BE8AA42D33F53B00BD535C /* Modals */ = {
			isa = PBXFileSystemSynchronizedRootGroup;
			path = Modals;
			sourceTree = "<group>";
		};
		66CB28F52D2F072D00187EC7 /* FirebaseBootcamp */ = {
			isa = PBXFileSystemSynchronizedRootGroup;
			exceptions = (
				6618C5722D350EA60065E8E8 /* Exceptions for "FirebaseBootcamp" folder in "FirebaseBootcamp" target */,
			);
			path = FirebaseBootcamp;
			sourceTree = "<group>";
		};
		66CB29062D2F072E00187EC7 /* FirebaseBootcampTests */ = {
			isa = PBXFileSystemSynchronizedRootGroup;
			path = FirebaseBootcampTests;
			sourceTree = "<group>";
		};
		66CB29102D2F072E00187EC7 /* FirebaseBootcampUITests */ = {
			isa = PBXFileSystemSynchronizedRootGroup;
			path = FirebaseBootcampUITests;
			sourceTree = "<group>";
		};
		66CB29292D2F086600187EC7 /* Authentification */ = {
			isa = PBXFileSystemSynchronizedRootGroup;
			path = Authentification;
			sourceTree = "<group>";
		};
		66CB29C32D2F14C500187EC7 /* Alerts */ = {
			isa = PBXFileSystemSynchronizedRootGroup;
			path = Alerts;
			sourceTree = "<group>";
		};
/* End PBXFileSystemSynchronizedRootGroup section */

/* Begin PBXFrameworksBuildPhase section */
		66CB28F02D2F072D00187EC7 /* Frameworks */ = {
			isa = PBXFrameworksBuildPhase;
			buildActionMask = 2147483647;
			files = (
				66CB29262D2F07FC00187EC7 /* FirebaseAnalytics in Frameworks */,
				66CB29282D2F07FC00187EC7 /* FirebaseAuth in Frameworks */,
				6618C56E2D34824A0065E8E8 /* GoogleSignIn in Frameworks */,
				6618C5702D34824A0065E8E8 /* GoogleSignInSwift in Frameworks */,
			);
			runOnlyForDeploymentPostprocessing = 0;
		};
		66CB29002D2F072E00187EC7 /* Frameworks */ = {
			isa = PBXFrameworksBuildPhase;
			buildActionMask = 2147483647;
			files = (
			);
			runOnlyForDeploymentPostprocessing = 0;
		};
		66CB290A2D2F072E00187EC7 /* Frameworks */ = {
			isa = PBXFrameworksBuildPhase;
			buildActionMask = 2147483647;
			files = (
			);
			runOnlyForDeploymentPostprocessing = 0;
		};
/* End PBXFrameworksBuildPhase section */

/* Begin PBXGroup section */
		66CB28EA2D2F072D00187EC7 = {
			isa = PBXGroup;
			children = (
				664DDA042D41B16E0019511E /* .gitignore */,
				6618C5802D36559E0065E8E8 /* Helper */,
				66BE8AA42D33F53B00BD535C /* Modals */,
				66CB29C32D2F14C500187EC7 /* Alerts */,
				66CB29292D2F086600187EC7 /* Authentification */,
				66CB28F52D2F072D00187EC7 /* FirebaseBootcamp */,
				66CB29062D2F072E00187EC7 /* FirebaseBootcampTests */,
				66CB29102D2F072E00187EC7 /* FirebaseBootcampUITests */,
				66CB28F42D2F072D00187EC7 /* Products */,
				66CB29C92D2F375800187EC7 /* GoogleService-Info.plist */,
				664DD9F82D41AD0A0019511E /* Settings */,
				664DDA012D41AD300019511E /* Extensions */,
			);
			sourceTree = "<group>";
		};
		66CB28F42D2F072D00187EC7 /* Products */ = {
			isa = PBXGroup;
			children = (
				66CB28F32D2F072D00187EC7 /* FirebaseBootcamp.app */,
				66CB29032D2F072E00187EC7 /* FirebaseBootcampTests.xctest */,
				66CB290D2D2F072E00187EC7 /* FirebaseBootcampUITests.xctest */,
			);
			name = Products;
			sourceTree = "<group>";
		};
/* End PBXGroup section */

/* Begin PBXNativeTarget section */
		66CB28F22D2F072D00187EC7 /* FirebaseBootcamp */ = {
			isa = PBXNativeTarget;
			buildConfigurationList = 66CB29172D2F072E00187EC7 /* Build configuration list for PBXNativeTarget "FirebaseBootcamp" */;
			buildPhases = (
				66CB28EF2D2F072D00187EC7 /* Sources */,
				66CB28F02D2F072D00187EC7 /* Frameworks */,
				66CB28F12D2F072D00187EC7 /* Resources */,
			);
			buildRules = (
			);
			dependencies = (
			);
			fileSystemSynchronizedGroups = (
				6618C5802D36559E0065E8E8 /* Helper */,
				664DD9F82D41AD0A0019511E /* Settings */,
				664DDA012D41AD300019511E /* Extensions */,
				66BE8AA42D33F53B00BD535C /* Modals */,
				66CB28F52D2F072D00187EC7 /* FirebaseBootcamp */,
				66CB29292D2F086600187EC7 /* Authentification */,
				66CB29C32D2F14C500187EC7 /* Alerts */,
			);
			name = FirebaseBootcamp;
			packageProductDependencies = (
				66CB29252D2F07FC00187EC7 /* FirebaseAnalytics */,
				66CB29272D2F07FC00187EC7 /* FirebaseAuth */,
				6618C56D2D34824A0065E8E8 /* GoogleSignIn */,
				6618C56F2D34824A0065E8E8 /* GoogleSignInSwift */,
			);
			productName = FirebaseBootcamp;
			productReference = 66CB28F32D2F072D00187EC7 /* FirebaseBootcamp.app */;
			productType = "com.apple.product-type.application";
		};
		66CB29022D2F072E00187EC7 /* FirebaseBootcampTests */ = {
			isa = PBXNativeTarget;
			buildConfigurationList = 66CB291A2D2F072E00187EC7 /* Build configuration list for PBXNativeTarget "FirebaseBootcampTests" */;
			buildPhases = (
				66CB28FF2D2F072E00187EC7 /* Sources */,
				66CB29002D2F072E00187EC7 /* Frameworks */,
				66CB29012D2F072E00187EC7 /* Resources */,
			);
			buildRules = (
			);
			dependencies = (
				66CB29052D2F072E00187EC7 /* PBXTargetDependency */,
			);
			fileSystemSynchronizedGroups = (
				66CB29062D2F072E00187EC7 /* FirebaseBootcampTests */,
			);
			name = FirebaseBootcampTests;
			packageProductDependencies = (
			);
			productName = FirebaseBootcampTests;
			productReference = 66CB29032D2F072E00187EC7 /* FirebaseBootcampTests.xctest */;
			productType = "com.apple.product-type.bundle.unit-test";
		};
		66CB290C2D2F072E00187EC7 /* FirebaseBootcampUITests */ = {
			isa = PBXNativeTarget;
			buildConfigurationList = 66CB291D2D2F072E00187EC7 /* Build configuration list for PBXNativeTarget "FirebaseBootcampUITests" */;
			buildPhases = (
				66CB29092D2F072E00187EC7 /* Sources */,
				66CB290A2D2F072E00187EC7 /* Frameworks */,
				66CB290B2D2F072E00187EC7 /* Resources */,
			);
			buildRules = (
			);
			dependencies = (
				66CB290F2D2F072E00187EC7 /* PBXTargetDependency */,
			);
			fileSystemSynchronizedGroups = (
				66CB29102D2F072E00187EC7 /* FirebaseBootcampUITests */,
			);
			name = FirebaseBootcampUITests;
			packageProductDependencies = (
			);
			productName = FirebaseBootcampUITests;
			productReference = 66CB290D2D2F072E00187EC7 /* FirebaseBootcampUITests.xctest */;
			productType = "com.apple.product-type.bundle.ui-testing";
		};
/* End PBXNativeTarget section */

/* Begin PBXProject section */
		66CB28EB2D2F072D00187EC7 /* Project object */ = {
			isa = PBXProject;
			attributes = {
				BuildIndependentTargetsInParallel = 1;
				LastSwiftUpdateCheck = 1620;
				LastUpgradeCheck = 1620;
				TargetAttributes = {
					66CB28F22D2F072D00187EC7 = {
						CreatedOnToolsVersion = 16.2;
					};
					66CB29022D2F072E00187EC7 = {
						CreatedOnToolsVersion = 16.2;
						TestTargetID = 66CB28F22D2F072D00187EC7;
					};
					66CB290C2D2F072E00187EC7 = {
						CreatedOnToolsVersion = 16.2;
						TestTargetID = 66CB28F22D2F072D00187EC7;
					};
				};
			};
			buildConfigurationList = 66CB28EE2D2F072D00187EC7 /* Build configuration list for PBXProject "FirebaseBootcamp" */;
			developmentRegion = en;
			hasScannedForEncodings = 0;
			knownRegions = (
				en,
				Base,
			);
			mainGroup = 66CB28EA2D2F072D00187EC7;
			minimizedProjectReferenceProxies = 1;
			packageReferences = (
				66CB29242D2F07FC00187EC7 /* XCRemoteSwiftPackageReference "firebase-ios-sdk" */,
				6618C56C2D34824A0065E8E8 /* XCRemoteSwiftPackageReference "GoogleSignIn-iOS" */,
			);
			preferredProjectObjectVersion = 77;
			productRefGroup = 66CB28F42D2F072D00187EC7 /* Products */;
			projectDirPath = "";
			projectRoot = "";
			targets = (
				66CB28F22D2F072D00187EC7 /* FirebaseBootcamp */,
				66CB29022D2F072E00187EC7 /* FirebaseBootcampTests */,
				66CB290C2D2F072E00187EC7 /* FirebaseBootcampUITests */,
			);
		};
/* End PBXProject section */

/* Begin PBXResourcesBuildPhase section */
		66CB28F12D2F072D00187EC7 /* Resources */ = {
			isa = PBXResourcesBuildPhase;
			buildActionMask = 2147483647;
			files = (
				664DDA052D41B17B0019511E /* .gitignore in Resources */,
				66CB29CA2D2F375800187EC7 /* GoogleService-Info.plist in Resources */,
			);
			runOnlyForDeploymentPostprocessing = 0;
		};
		66CB29012D2F072E00187EC7 /* Resources */ = {
			isa = PBXResourcesBuildPhase;
			buildActionMask = 2147483647;
			files = (
			);
			runOnlyForDeploymentPostprocessing = 0;
		};
		66CB290B2D2F072E00187EC7 /* Resources */ = {
			isa = PBXResourcesBuildPhase;
			buildActionMask = 2147483647;
			files = (
			);
			runOnlyForDeploymentPostprocessing = 0;
		};
/* End PBXResourcesBuildPhase section */

/* Begin PBXSourcesBuildPhase section */
		66CB28EF2D2F072D00187EC7 /* Sources */ = {
			isa = PBXSourcesBuildPhase;
			buildActionMask = 2147483647;
			files = (
			);
			runOnlyForDeploymentPostprocessing = 0;
		};
		66CB28FF2D2F072E00187EC7 /* Sources */ = {
			isa = PBXSourcesBuildPhase;
			buildActionMask = 2147483647;
			files = (
			);
			runOnlyForDeploymentPostprocessing = 0;
		};
		66CB29092D2F072E00187EC7 /* Sources */ = {
			isa = PBXSourcesBuildPhase;
			buildActionMask = 2147483647;
			files = (
			);
			runOnlyForDeploymentPostprocessing = 0;
		};
/* End PBXSourcesBuildPhase section */

/* Begin PBXTargetDependency section */
		66CB29052D2F072E00187EC7 /* PBXTargetDependency */ = {
			isa = PBXTargetDependency;
			target = 66CB28F22D2F072D00187EC7 /* FirebaseBootcamp */;
			targetProxy = 66CB29042D2F072E00187EC7 /* PBXContainerItemProxy */;
		};
		66CB290F2D2F072E00187EC7 /* PBXTargetDependency */ = {
			isa = PBXTargetDependency;
			target = 66CB28F22D2F072D00187EC7 /* FirebaseBootcamp */;
			targetProxy = 66CB290E2D2F072E00187EC7 /* PBXContainerItemProxy */;
		};
/* End PBXTargetDependency section */

/* Begin XCBuildConfiguration section */
		66CB29152D2F072E00187EC7 /* Debug */ = {
			isa = XCBuildConfiguration;
			buildSettings = {
				ALWAYS_SEARCH_USER_PATHS = NO;
				ASSETCATALOG_COMPILER_GENERATE_SWIFT_ASSET_SYMBOL_EXTENSIONS = YES;
				CLANG_ANALYZER_NONNULL = YES;
				CLANG_ANALYZER_NUMBER_OBJECT_CONVERSION = YES_AGGRESSIVE;
				CLANG_CXX_LANGUAGE_STANDARD = "gnu++20";
				CLANG_ENABLE_MODULES = YES;
				CLANG_ENABLE_OBJC_ARC = YES;
				CLANG_ENABLE_OBJC_WEAK = YES;
				CLANG_WARN_BLOCK_CAPTURE_AUTORELEASING = YES;
				CLANG_WARN_BOOL_CONVERSION = YES;
				CLANG_WARN_COMMA = YES;
				CLANG_WARN_CONSTANT_CONVERSION = YES;
				CLANG_WARN_DEPRECATED_OBJC_IMPLEMENTATIONS = YES;
				CLANG_WARN_DIRECT_OBJC_ISA_USAGE = YES_ERROR;
				CLANG_WARN_DOCUMENTATION_COMMENTS = YES;
				CLANG_WARN_EMPTY_BODY = YES;
				CLANG_WARN_ENUM_CONVERSION = YES;
				CLANG_WARN_INFINITE_RECURSION = YES;
				CLANG_WARN_INT_CONVERSION = YES;
				CLANG_WARN_NON_LITERAL_NULL_CONVERSION = YES;
				CLANG_WARN_OBJC_IMPLICIT_RETAIN_SELF = YES;
				CLANG_WARN_OBJC_LITERAL_CONVERSION = YES;
				CLANG_WARN_OBJC_ROOT_CLASS = YES_ERROR;
				CLANG_WARN_QUOTED_INCLUDE_IN_FRAMEWORK_HEADER = YES;
				CLANG_WARN_RANGE_LOOP_ANALYSIS = YES;
				CLANG_WARN_STRICT_PROTOTYPES = YES;
				CLANG_WARN_SUSPICIOUS_MOVE = YES;
				CLANG_WARN_UNGUARDED_AVAILABILITY = YES_AGGRESSIVE;
				CLANG_WARN_UNREACHABLE_CODE = YES;
				CLANG_WARN__DUPLICATE_METHOD_MATCH = YES;
				COPY_PHASE_STRIP = NO;
				DEBUG_INFORMATION_FORMAT = dwarf;
				ENABLE_STRICT_OBJC_MSGSEND = YES;
				ENABLE_TESTABILITY = YES;
				ENABLE_USER_SCRIPT_SANDBOXING = YES;
				GCC_C_LANGUAGE_STANDARD = gnu17;
				GCC_DYNAMIC_NO_PIC = NO;
				GCC_NO_COMMON_BLOCKS = YES;
				GCC_OPTIMIZATION_LEVEL = 0;
				GCC_PREPROCESSOR_DEFINITIONS = (
					"DEBUG=1",
					"$(inherited)",
				);
				GCC_WARN_64_TO_32_BIT_CONVERSION = YES;
				GCC_WARN_ABOUT_RETURN_TYPE = YES_ERROR;
				GCC_WARN_UNDECLARED_SELECTOR = YES;
				GCC_WARN_UNINITIALIZED_AUTOS = YES_AGGRESSIVE;
				GCC_WARN_UNUSED_FUNCTION = YES;
				GCC_WARN_UNUSED_VARIABLE = YES;
				IPHONEOS_DEPLOYMENT_TARGET = 18.2;
				LOCALIZATION_PREFERS_STRING_CATALOGS = YES;
				MTL_ENABLE_DEBUG_INFO = INCLUDE_SOURCE;
				MTL_FAST_MATH = YES;
				ONLY_ACTIVE_ARCH = YES;
				SDKROOT = iphoneos;
				SWIFT_ACTIVE_COMPILATION_CONDITIONS = "DEBUG $(inherited)";
				SWIFT_OPTIMIZATION_LEVEL = "-Onone";
			};
			name = Debug;
		};
		66CB29162D2F072E00187EC7 /* Release */ = {
			isa = XCBuildConfiguration;
			buildSettings = {
				ALWAYS_SEARCH_USER_PATHS = NO;
				ASSETCATALOG_COMPILER_GENERATE_SWIFT_ASSET_SYMBOL_EXTENSIONS = YES;
				CLANG_ANALYZER_NONNULL = YES;
				CLANG_ANALYZER_NUMBER_OBJECT_CONVERSION = YES_AGGRESSIVE;
				CLANG_CXX_LANGUAGE_STANDARD = "gnu++20";
				CLANG_ENABLE_MODULES = YES;
				CLANG_ENABLE_OBJC_ARC = YES;
				CLANG_ENABLE_OBJC_WEAK = YES;
				CLANG_WARN_BLOCK_CAPTURE_AUTORELEASING = YES;
				CLANG_WARN_BOOL_CONVERSION = YES;
				CLANG_WARN_COMMA = YES;
				CLANG_WARN_CONSTANT_CONVERSION = YES;
				CLANG_WARN_DEPRECATED_OBJC_IMPLEMENTATIONS = YES;
				CLANG_WARN_DIRECT_OBJC_ISA_USAGE = YES_ERROR;
				CLANG_WARN_DOCUMENTATION_COMMENTS = YES;
				CLANG_WARN_EMPTY_BODY = YES;
				CLANG_WARN_ENUM_CONVERSION = YES;
				CLANG_WARN_INFINITE_RECURSION = YES;
				CLANG_WARN_INT_CONVERSION = YES;
				CLANG_WARN_NON_LITERAL_NULL_CONVERSION = YES;
				CLANG_WARN_OBJC_IMPLICIT_RETAIN_SELF = YES;
				CLANG_WARN_OBJC_LITERAL_CONVERSION = YES;
				CLANG_WARN_OBJC_ROOT_CLASS = YES_ERROR;
				CLANG_WARN_QUOTED_INCLUDE_IN_FRAMEWORK_HEADER = YES;
				CLANG_WARN_RANGE_LOOP_ANALYSIS = YES;
				CLANG_WARN_STRICT_PROTOTYPES = YES;
				CLANG_WARN_SUSPICIOUS_MOVE = YES;
				CLANG_WARN_UNGUARDED_AVAILABILITY = YES_AGGRESSIVE;
				CLANG_WARN_UNREACHABLE_CODE = YES;
				CLANG_WARN__DUPLICATE_METHOD_MATCH = YES;
				COPY_PHASE_STRIP = NO;
				DEBUG_INFORMATION_FORMAT = "dwarf-with-dsym";
				ENABLE_NS_ASSERTIONS = NO;
				ENABLE_STRICT_OBJC_MSGSEND = YES;
				ENABLE_USER_SCRIPT_SANDBOXING = YES;
				GCC_C_LANGUAGE_STANDARD = gnu17;
				GCC_NO_COMMON_BLOCKS = YES;
				GCC_WARN_64_TO_32_BIT_CONVERSION = YES;
				GCC_WARN_ABOUT_RETURN_TYPE = YES_ERROR;
				GCC_WARN_UNDECLARED_SELECTOR = YES;
				GCC_WARN_UNINITIALIZED_AUTOS = YES_AGGRESSIVE;
				GCC_WARN_UNUSED_FUNCTION = YES;
				GCC_WARN_UNUSED_VARIABLE = YES;
				IPHONEOS_DEPLOYMENT_TARGET = 18.2;
				LOCALIZATION_PREFERS_STRING_CATALOGS = YES;
				MTL_ENABLE_DEBUG_INFO = NO;
				MTL_FAST_MATH = YES;
				SDKROOT = iphoneos;
				SWIFT_COMPILATION_MODE = wholemodule;
				VALIDATE_PRODUCT = YES;
			};
			name = Release;
		};
		66CB29182D2F072E00187EC7 /* Debug */ = {
			isa = XCBuildConfiguration;
			buildSettings = {
				ASSETCATALOG_COMPILER_APPICON_NAME = AppIcon;
				ASSETCATALOG_COMPILER_GLOBAL_ACCENT_COLOR_NAME = AccentColor;
				CODE_SIGN_ENTITLEMENTS = FirebaseBootcamp/FirebaseBootcamp.entitlements;
				CODE_SIGN_STYLE = Automatic;
				CURRENT_PROJECT_VERSION = 1;
				DEVELOPMENT_ASSET_PATHS = "\"FirebaseBootcamp/Preview Content\"";
				DEVELOPMENT_TEAM = 2ZLCX6U8R6;
				ENABLE_PREVIEWS = YES;
				GENERATE_INFOPLIST_FILE = YES;
				INFOPLIST_FILE = FirebaseBootcamp/Info.plist;
				INFOPLIST_KEY_UIApplicationSceneManifest_Generation = YES;
				INFOPLIST_KEY_UIApplicationSupportsIndirectInputEvents = YES;
				INFOPLIST_KEY_UILaunchScreen_Generation = YES;
				INFOPLIST_KEY_UISupportedInterfaceOrientations_iPad = "UIInterfaceOrientationPortrait UIInterfaceOrientationPortraitUpsideDown UIInterfaceOrientationLandscapeLeft UIInterfaceOrientationLandscapeRight";
				INFOPLIST_KEY_UISupportedInterfaceOrientations_iPhone = "UIInterfaceOrientationPortrait UIInterfaceOrientationLandscapeLeft UIInterfaceOrientationLandscapeRight";
				LD_RUNPATH_SEARCH_PATHS = (
					"$(inherited)",
					"@executable_path/Frameworks",
				);
				MARKETING_VERSION = 1.0;
				PRODUCT_BUNDLE_IDENTIFIER = de.roteCodeFraktion.FirebaseBootcamp;
				PRODUCT_NAME = "$(TARGET_NAME)";
				SWIFT_EMIT_LOC_STRINGS = YES;
				SWIFT_VERSION = 5.0;
				TARGETED_DEVICE_FAMILY = "1,2";
			};
			name = Debug;
		};
		66CB29192D2F072E00187EC7 /* Release */ = {
			isa = XCBuildConfiguration;
			buildSettings = {
				ASSETCATALOG_COMPILER_APPICON_NAME = AppIcon;
				ASSETCATALOG_COMPILER_GLOBAL_ACCENT_COLOR_NAME = AccentColor;
				CODE_SIGN_ENTITLEMENTS = FirebaseBootcamp/FirebaseBootcamp.entitlements;
				CODE_SIGN_STYLE = Automatic;
				CURRENT_PROJECT_VERSION = 1;
				DEVELOPMENT_ASSET_PATHS = "\"FirebaseBootcamp/Preview Content\"";
				DEVELOPMENT_TEAM = 2ZLCX6U8R6;
				ENABLE_PREVIEWS = YES;
				GENERATE_INFOPLIST_FILE = YES;
				INFOPLIST_FILE = FirebaseBootcamp/Info.plist;
				INFOPLIST_KEY_UIApplicationSceneManifest_Generation = YES;
				INFOPLIST_KEY_UIApplicationSupportsIndirectInputEvents = YES;
				INFOPLIST_KEY_UILaunchScreen_Generation = YES;
				INFOPLIST_KEY_UISupportedInterfaceOrientations_iPad = "UIInterfaceOrientationPortrait UIInterfaceOrientationPortraitUpsideDown UIInterfaceOrientationLandscapeLeft UIInterfaceOrientationLandscapeRight";
				INFOPLIST_KEY_UISupportedInterfaceOrientations_iPhone = "UIInterfaceOrientationPortrait UIInterfaceOrientationLandscapeLeft UIInterfaceOrientationLandscapeRight";
				LD_RUNPATH_SEARCH_PATHS = (
					"$(inherited)",
					"@executable_path/Frameworks",
				);
				MARKETING_VERSION = 1.0;
				PRODUCT_BUNDLE_IDENTIFIER = de.roteCodeFraktion.FirebaseBootcamp;
				PRODUCT_NAME = "$(TARGET_NAME)";
				SWIFT_EMIT_LOC_STRINGS = YES;
				SWIFT_VERSION = 5.0;
				TARGETED_DEVICE_FAMILY = "1,2";
			};
			name = Release;
		};
		66CB291B2D2F072E00187EC7 /* Debug */ = {
			isa = XCBuildConfiguration;
			buildSettings = {
				BUNDLE_LOADER = "$(TEST_HOST)";
				CODE_SIGN_STYLE = Automatic;
				CURRENT_PROJECT_VERSION = 1;
				DEVELOPMENT_TEAM = 2ZLCX6U8R6;
				GENERATE_INFOPLIST_FILE = YES;
				IPHONEOS_DEPLOYMENT_TARGET = 18.2;
				MARKETING_VERSION = 1.0;
				PRODUCT_BUNDLE_IDENTIFIER = de.roteCodeFraktion.FirebaseBootcampTests;
				PRODUCT_NAME = "$(TARGET_NAME)";
				SWIFT_EMIT_LOC_STRINGS = NO;
				SWIFT_VERSION = 5.0;
				TARGETED_DEVICE_FAMILY = "1,2";
				TEST_HOST = "$(BUILT_PRODUCTS_DIR)/FirebaseBootcamp.app/$(BUNDLE_EXECUTABLE_FOLDER_PATH)/FirebaseBootcamp";
			};
			name = Debug;
		};
		66CB291C2D2F072E00187EC7 /* Release */ = {
			isa = XCBuildConfiguration;
			buildSettings = {
				BUNDLE_LOADER = "$(TEST_HOST)";
				CODE_SIGN_STYLE = Automatic;
				CURRENT_PROJECT_VERSION = 1;
				DEVELOPMENT_TEAM = 2ZLCX6U8R6;
				GENERATE_INFOPLIST_FILE = YES;
				IPHONEOS_DEPLOYMENT_TARGET = 18.2;
				MARKETING_VERSION = 1.0;
				PRODUCT_BUNDLE_IDENTIFIER = de.roteCodeFraktion.FirebaseBootcampTests;
				PRODUCT_NAME = "$(TARGET_NAME)";
				SWIFT_EMIT_LOC_STRINGS = NO;
				SWIFT_VERSION = 5.0;
				TARGETED_DEVICE_FAMILY = "1,2";
				TEST_HOST = "$(BUILT_PRODUCTS_DIR)/FirebaseBootcamp.app/$(BUNDLE_EXECUTABLE_FOLDER_PATH)/FirebaseBootcamp";
			};
			name = Release;
		};
		66CB291E2D2F072E00187EC7 /* Debug */ = {
			isa = XCBuildConfiguration;
			buildSettings = {
				CODE_SIGN_STYLE = Automatic;
				CURRENT_PROJECT_VERSION = 1;
				DEVELOPMENT_TEAM = 2ZLCX6U8R6;
				GENERATE_INFOPLIST_FILE = YES;
				MARKETING_VERSION = 1.0;
				PRODUCT_BUNDLE_IDENTIFIER = de.roteCodeFraktion.FirebaseBootcampUITests;
				PRODUCT_NAME = "$(TARGET_NAME)";
				SWIFT_EMIT_LOC_STRINGS = NO;
				SWIFT_VERSION = 5.0;
				TARGETED_DEVICE_FAMILY = "1,2";
				TEST_TARGET_NAME = FirebaseBootcamp;
			};
			name = Debug;
		};
		66CB291F2D2F072E00187EC7 /* Release */ = {
			isa = XCBuildConfiguration;
			buildSettings = {
				CODE_SIGN_STYLE = Automatic;
				CURRENT_PROJECT_VERSION = 1;
				DEVELOPMENT_TEAM = 2ZLCX6U8R6;
				GENERATE_INFOPLIST_FILE = YES;
				MARKETING_VERSION = 1.0;
				PRODUCT_BUNDLE_IDENTIFIER = de.roteCodeFraktion.FirebaseBootcampUITests;
				PRODUCT_NAME = "$(TARGET_NAME)";
				SWIFT_EMIT_LOC_STRINGS = NO;
				SWIFT_VERSION = 5.0;
				TARGETED_DEVICE_FAMILY = "1,2";
				TEST_TARGET_NAME = FirebaseBootcamp;
			};
			name = Release;
		};
/* End XCBuildConfiguration section */

/* Begin XCConfigurationList section */
		66CB28EE2D2F072D00187EC7 /* Build configuration list for PBXProject "FirebaseBootcamp" */ = {
			isa = XCConfigurationList;
			buildConfigurations = (
				66CB29152D2F072E00187EC7 /* Debug */,
				66CB29162D2F072E00187EC7 /* Release */,
			);
			defaultConfigurationIsVisible = 0;
			defaultConfigurationName = Release;
		};
		66CB29172D2F072E00187EC7 /* Build configuration list for PBXNativeTarget "FirebaseBootcamp" */ = {
			isa = XCConfigurationList;
			buildConfigurations = (
				66CB29182D2F072E00187EC7 /* Debug */,
				66CB29192D2F072E00187EC7 /* Release */,
			);
			defaultConfigurationIsVisible = 0;
			defaultConfigurationName = Release;
		};
		66CB291A2D2F072E00187EC7 /* Build configuration list for PBXNativeTarget "FirebaseBootcampTests" */ = {
			isa = XCConfigurationList;
			buildConfigurations = (
				66CB291B2D2F072E00187EC7 /* Debug */,
				66CB291C2D2F072E00187EC7 /* Release */,
			);
			defaultConfigurationIsVisible = 0;
			defaultConfigurationName = Release;
		};
		66CB291D2D2F072E00187EC7 /* Build configuration list for PBXNativeTarget "FirebaseBootcampUITests" */ = {
			isa = XCConfigurationList;
			buildConfigurations = (
				66CB291E2D2F072E00187EC7 /* Debug */,
				66CB291F2D2F072E00187EC7 /* Release */,
			);
			defaultConfigurationIsVisible = 0;
			defaultConfigurationName = Release;
		};
/* End XCConfigurationList section */

/* Begin XCRemoteSwiftPackageReference section */
		6618C56C2D34824A0065E8E8 /* XCRemoteSwiftPackageReference "GoogleSignIn-iOS" */ = {
			isa = XCRemoteSwiftPackageReference;
			repositoryURL = "https://github.com/google/GoogleSignIn-iOS";
			requirement = {
				kind = upToNextMajorVersion;
				minimumVersion = 8.0.0;
			};
		};
		66CB29242D2F07FC00187EC7 /* XCRemoteSwiftPackageReference "firebase-ios-sdk" */ = {
			isa = XCRemoteSwiftPackageReference;
			repositoryURL = "https://github.com/firebase/firebase-ios-sdk";
			requirement = {
				kind = upToNextMajorVersion;
				minimumVersion = 11.6.0;
			};
		};
/* End XCRemoteSwiftPackageReference section */

/* Begin XCSwiftPackageProductDependency section */
		6618C56D2D34824A0065E8E8 /* GoogleSignIn */ = {
			isa = XCSwiftPackageProductDependency;
			package = 6618C56C2D34824A0065E8E8 /* XCRemoteSwiftPackageReference "GoogleSignIn-iOS" */;
			productName = GoogleSignIn;
		};
		6618C56F2D34824A0065E8E8 /* GoogleSignInSwift */ = {
			isa = XCSwiftPackageProductDependency;
			package = 6618C56C2D34824A0065E8E8 /* XCRemoteSwiftPackageReference "GoogleSignIn-iOS" */;
			productName = GoogleSignInSwift;
		};
		66CB29252D2F07FC00187EC7 /* FirebaseAnalytics */ = {
			isa = XCSwiftPackageProductDependency;
			package = 66CB29242D2F07FC00187EC7 /* XCRemoteSwiftPackageReference "firebase-ios-sdk" */;
			productName = FirebaseAnalytics;
		};
		66CB29272D2F07FC00187EC7 /* FirebaseAuth */ = {
			isa = XCSwiftPackageProductDependency;
			package = 66CB29242D2F07FC00187EC7 /* XCRemoteSwiftPackageReference "firebase-ios-sdk" */;
			productName = FirebaseAuth;
		};
/* End XCSwiftPackageProductDependency section */
	};
	rootObject = 66CB28EB2D2F072D00187EC7 /* Project object */;
}
